
Microsoft Visual Studio Solution File, Format Version 12.00
# Visual Studio Version 17
VisualStudioVersion = 17.7.34031.279
MinimumVisualStudioVersion = 10.0.40219.1
Project("{FAE04EC0-301F-11D3-BF4B-00C04F79EFBC}") = "EmployeeCreation", "EmployeeCreation.csproj", "{FF885D93-F5CD-43C6-B96F-85F5877579B9}"
EndProject
Project("{FAE04EC0-301F-11D3-BF4B-00C04F79EFBC}") = "Employee.DAL", "..\Employee.DAL\Employee.DAL.csproj", "{7C4D9FD4-BAAD-49C5-B82A-AEBA1484B466}"
EndProject
Project("{FAE04EC0-301F-11D3-BF4B-00C04F79EFBC}") = "Employee.Model", "..\Employee.Model\Employee.Model.csproj", "{268154BC-6F3D-4682-8278-5F240D29ED6F}"
EndProject
Global
	GlobalSection(SolutionConfigurationPlatforms) = preSolution
		Debug|Any CPU = Debug|Any CPU
		Release|Any CPU = Release|Any CPU
	EndGlobalSection
	GlobalSection(ProjectConfigurationPlatforms) = postSolution
		{FF885D93-F5CD-43C6-B96F-85F5877579B9}.Debug|Any CPU.ActiveCfg = Debug|Any CPU
		{FF885D93-F5CD-43C6-B96F-85F5877579B9}.Debug|Any CPU.Build.0 = Debug|Any CPU
		{FF885D93-F5CD-43C6-B96F-85F5877579B9}.Release|Any CPU.ActiveCfg = Release|Any CPU
		{FF885D93-F5CD-43C6-B96F-85F5877579B9}.Release|Any CPU.Build.0 = Release|Any CPU
		{7C4D9FD4-BAAD-49C5-B82A-AEBA1484B466}.Debug|Any CPU.ActiveCfg = Debug|Any CPU
		{7C4D9FD4-BAAD-49C5-B82A-AEBA1484B466}.Debug|Any CPU.Build.0 = Debug|Any CPU
		{7C4D9FD4-BAAD-49C5-B82A-AEBA1484B466}.Release|Any CPU.ActiveCfg = Release|Any CPU
		{7C4D9FD4-BAAD-49C5-B82A-AEBA1484B466}.Release|Any CPU.Build.0 = Release|Any CPU
		{268154BC-6F3D-4682-8278-5F240D29ED6F}.Debug|Any CPU.ActiveCfg = Debug|Any CPU
		{268154BC-6F3D-4682-8278-5F240D29ED6F}.Debug|Any CPU.Build.0 = Debug|Any CPU
		{268154BC-6F3D-4682-8278-5F240D29ED6F}.Release|Any CPU.ActiveCfg = Release|Any CPU
		{268154BC-6F3D-4682-8278-5F240D29ED6F}.Release|Any CPU.Build.0 = Release|Any CPU
	EndGlobalSection
	GlobalSection(SolutionProperties) = preSolution
		HideSolutionNode = FALSE
	EndGlobalSection
	GlobalSection(ExtensibilityGlobals) = postSolution
		SolutionGuid = {45686E2F-9FBD-41D8-A186-C0FA2500CB6A}
	EndGlobalSection
EndGlobal
